
Microsoft Visual Studio Solution File, Format Version 12.00
# Visual Studio Version 16
VisualStudioVersion = 16.0.32126.315
MinimumVisualStudioVersion = 10.0.40219.1
Project("{FAE04EC0-301F-11D3-BF4B-00C04F79EFBC}") = "BFStabilityEvaluation", "BFStabilityEvaluation.csproj", "{AECB4E0A-FC69-4B76-A8A9-81577FB8B939}"
EndProject
Global
	GlobalSection(SolutionConfigurationPlatforms) = preSolution
		Debug|Any CPU = Debug|Any CPU
		Release|Any CPU = Release|Any CPU
	EndGlobalSection
	GlobalSection(ProjectConfigurationPlatforms) = postSolution
		{AECB4E0A-FC69-4B76-A8A9-81577FB8B939}.Debug|Any CPU.ActiveCfg = Debug|Any CPU
		{AECB4E0A-FC69-4B76-A8A9-81577FB8B939}.Debug|Any CPU.Build.0 = Debug|Any CPU
		{AECB4E0A-FC69-4B76-A8A9-81577FB8B939}.Release|Any CPU.ActiveCfg = Release|Any CPU
		{AECB4E0A-FC69-4B76-A8A9-81577FB8B939}.Release|Any CPU.Build.0 = Release|Any CPU
	EndGlobalSection
	GlobalSection(SolutionProperties) = preSolution
		HideSolutionNode = FALSE
	EndGlobalSection
	GlobalSection(ExtensibilityGlobals) = postSolution
		SolutionGuid = {237FCACD-63E2-48A4-A3D9-5DDF8CFEA13F}
	EndGlobalSection
EndGlobal
